{
  
  "name": "JsonStructureDiffHTML",
  
  "lockfileVersion": 2,
  
  "requires": true,
  
  "packages": {
  
    
  "": {
  
    
    
  "dependencies": {
  
    
    
    
  "json-stable-stringify": "^1.0.1"
  
    
    
  }
  
    
  },
  
    
  "node_modules/json-stable-stringify": {
  
    
    
  "version": "1.0.1",
  
    
    
  "resolved": "https://registry.npmjs.org/json-stable-stringify/-/json-stable-stringify-1.0.1.tgz",
  
    
    
  "integrity": "sha512-i/J297TW6xyj7sDFa7AmBPkQvLIxWr2kKPWI26tXydnZrzVAocNqn5DMNT1Mzk0vit1V5UkRM7C1KdVNp7Lmcg==",
  
    
    
  "dependencies": {
  
    
    
    
  "jsonify": "~0.0.0"
  
    
    
  }
  
    
  },
  
    
  "node_modules/jsonify": {
  
    
    
  "version": "0.0.0",
  
    
    
  "resolved": "https://registry.npmjs.org/jsonify/-/jsonify-0.0.0.tgz",
  
    
    
  "integrity": "sha512-trvBk1ki43VZptdBI5rIlG4YOzyeH/WefQt5rj1grasPn4iiZWKet8nkgc4GlsAylaztn0qZfUYOiTsASJFdNA==",
  
    
    
  "engines": {
  
    
    
    
  "node": "*"
  
    
    
  }
  
    
  }
  
  },
  
  "dependencies": {
  
    
  "json-stable-stringify": {
  
    
    
  "version": "1.0.1",
  
    
    
  "resolved": "https://registry.npmjs.org/json-stable-stringify/-/json-stable-stringify-1.0.1.tgz",
  
    
    
  "integrity": "sha512-i/J297TW6xyj7sDFa7AmBPkQvLIxWr2kKPWI26tXydnZrzVAocNqn5DMNT1Mzk0vit1V5UkRM7C1KdVNp7Lmcg==",
  
    
    
  "requires": {
  
    
    
    
  "jsonify": "~0.0.0"
  
    
    
  }
  
    
  },
  
    
  "jsonify": {
  
    
    
  "version": "0.0.0",
  
    
    
  "resolved": "https://registry.npmjs.org/jsonify/-/jsonify-0.0.0.tgz",
  
    
    
  "integrity": "sha512-trvBk1ki43VZptdBI5rIlG4YOzyeH/WefQt5rj1grasPn4iiZWKet8nkgc4GlsAylaztn0qZfUYOiTsASJFdNA=="
  
    
  }
  
  }
}
